
Microsoft Visual Studio Solution File, Format Version 12.00
# Visual Studio Version 16
VisualStudioVersion = 16.0.30011.22
MinimumVisualStudioVersion = 10.0.40219.1
Project("{9A19103F-16F7-4668-BE54-9A1E7A4F7556}") = "CocolExtractor", "CocolExtractor\CocolExtractor.csproj", "{34E1F4D3-3471-45E7-89ED-17FCE616011E}"
EndProject
Project("{9A19103F-16F7-4668-BE54-9A1E7A4F7556}") = "uld-definition", "uld-definition\uld-definition.csproj", "{F93AD3AC-86A9-49BF-BE50-3AFE4FA673E9}"
EndProject
Global
	GlobalSection(SolutionConfigurationPlatforms) = preSolution
		Debug|Any CPU = Debug|Any CPU
		Release|Any CPU = Release|Any CPU
	EndGlobalSection
	GlobalSection(ProjectConfigurationPlatforms) = postSolution
		{34E1F4D3-3471-45E7-89ED-17FCE616011E}.Debug|Any CPU.ActiveCfg = Debug|Any CPU
		{34E1F4D3-3471-45E7-89ED-17FCE616011E}.Debug|Any CPU.Build.0 = Debug|Any CPU
		{34E1F4D3-3471-45E7-89ED-17FCE616011E}.Release|Any CPU.ActiveCfg = Release|Any CPU
		{34E1F4D3-3471-45E7-89ED-17FCE616011E}.Release|Any CPU.Build.0 = Release|Any CPU
		{F93AD3AC-86A9-49BF-BE50-3AFE4FA673E9}.Debug|Any CPU.ActiveCfg = Debug|Any CPU
		{F93AD3AC-86A9-49BF-BE50-3AFE4FA673E9}.Debug|Any CPU.Build.0 = Debug|Any CPU
		{F93AD3AC-86A9-49BF-BE50-3AFE4FA673E9}.Release|Any CPU.ActiveCfg = Release|Any CPU
		{F93AD3AC-86A9-49BF-BE50-3AFE4FA673E9}.Release|Any CPU.Build.0 = Release|Any CPU
	EndGlobalSection
	GlobalSection(SolutionProperties) = preSolution
		HideSolutionNode = FALSE
	EndGlobalSection
	GlobalSection(ExtensibilityGlobals) = postSolution
		SolutionGuid = {DBF45810-AF44-4DED-8450-53FEA15AE2D7}
	EndGlobalSection
EndGlobal
